
Microsoft Visual Studio Solution File, Format Version 12.00
# Visual Studio Version 16
VisualStudioVersion = 16.0.29609.76
MinimumVisualStudioVersion = 10.0.40219.1
Project("{FAE04EC0-301F-11D3-BF4B-00C04F79EFBC}") = "SpaceEngineersCode", "SpaceEngineersCode\SpaceEngineersCode.csproj", "{F66C0AB8-F587-4A96-A9A9-FEAE2B9D8FE1}"
EndProject
Global
	GlobalSection(SolutionConfigurationPlatforms) = preSolution
		Debug|Any CPU = Debug|Any CPU
		Release|Any CPU = Release|Any CPU
	EndGlobalSection
	GlobalSection(ProjectConfigurationPlatforms) = postSolution
		{F66C0AB8-F587-4A96-A9A9-FEAE2B9D8FE1}.Debug|Any CPU.ActiveCfg = Debug|x64
		{F66C0AB8-F587-4A96-A9A9-FEAE2B9D8FE1}.Debug|Any CPU.Build.0 = Debug|x64
		{F66C0AB8-F587-4A96-A9A9-FEAE2B9D8FE1}.Release|Any CPU.ActiveCfg = Release|Any CPU
		{F66C0AB8-F587-4A96-A9A9-FEAE2B9D8FE1}.Release|Any CPU.Build.0 = Release|Any CPU
	EndGlobalSection
	GlobalSection(SolutionProperties) = preSolution
		HideSolutionNode = FALSE
	EndGlobalSection
	GlobalSection(ExtensibilityGlobals) = postSolution
		SolutionGuid = {EC5509C5-868D-4353-96A0-0251679B9010}
	EndGlobalSection
EndGlobal
